{
  "nodes": {
    "nixpkgs": {
      "locked": {
        "lastModified": 1673455360,
        "narHash": "sha256-oUR5O9QlBt1AnxDfXrHQZTpuOrYbRY8F+WZTpx02FA0=",
        "owner": "NixOS",
        "repo": "nixpkgs",
        "rev": "a33466f87ece61963b6d71c2fa1c8c51f35f23ad",
        "type": "github"
      },
      "original": {
        "owner": "NixOS",
        "ref": "master",
        "repo": "nixpkgs",
        "type": "github"
      }
    },
    "root": {
      "inputs": {
        "nixpkgs": "nixpkgs"
      }
    }
  },
  "root": "root",
  "version": 7
}
